// !$*UTF8*$!
{
	archiveVersion = 1;
	classes = {
	};
	objectVersion = 46;
	objects = {

/* Begin PBXBuildFile section */
		03A009BC1E576E9200CB7F01 /* AppDelegate.swift in Sources */ = {isa = PBXBuildFile; fileRef = 03A009BB1E576E9200CB7F01 /* AppDelegate.swift */; };
		03A009BE1E576E9200CB7F01 /* LoginViewController.swift in Sources */ = {isa = PBXBuildFile; fileRef = 03A009BD1E576E9200CB7F01 /* LoginViewController.swift */; };
		03A009C11E576E9200CB7F01 /* Main.storyboard in Resources */ = {isa = PBXBuildFile; fileRef = 03A009BF1E576E9200CB7F01 /* Main.storyboard */; };
		03A009C31E576E9200CB7F01 /* Assets.xcassets in Resources */ = {isa = PBXBuildFile; fileRef = 03A009C21E576E9200CB7F01 /* Assets.xcassets */; };
		03A009C61E576E9200CB7F01 /* LaunchScreen.storyboard in Resources */ = {isa = PBXBuildFile; fileRef = 03A009C41E576E9200CB7F01 /* LaunchScreen.storyboard */; };
		03B426C81E58392400A70CB4 /* UIView+extension.swift in Sources */ = {isa = PBXBuildFile; fileRef = 03B426C71E58392400A70CB4 /* UIView+extension.swift */; };
		03B426CA1E583D7C00A70CB4 /* PageCell.swift in Sources */ = {isa = PBXBuildFile; fileRef = 03B426C91E583D7C00A70CB4 /* PageCell.swift */; };
		03B426CC1E58CE4800A70CB4 /* Model.swift in Sources */ = {isa = PBXBuildFile; fileRef = 03B426CB1E58CE4800A70CB4 /* Model.swift */; };
/* End PBXBuildFile section */

/* Begin PBXFileReference section */
		03A009B81E576E9200CB7F01 /* AudibleLogin.app */ = {isa = PBXFileReference; explicitFileType = wrapper.application; includeInIndex = 0; path = AudibleLogin.app; sourceTree = BUILT_PRODUCTS_DIR; };
		03A009BB1E576E9200CB7F01 /* AppDelegate.swift */ = {isa = PBXFileReference; lastKnownFileType = sourcecode.swift; path = AppDelegate.swift; sourceTree = "<group>"; };
		03A009BD1E576E9200CB7F01 /* LoginViewController.swift */ = {isa = PBXFileReference; lastKnownFileType = sourcecode.swift; path = LoginViewController.swift; sourceTree = "<group>"; };
		03A009C01E576E9200CB7F01 /* Base */ = {isa = PBXFileReference; lastKnownFileType = file.storyboard; name = Base; path = Base.lproj/Main.storyboard; sourceTree = "<group>"; };
		03A009C21E576E9200CB7F01 /* Assets.xcassets */ = {isa = PBXFileReference; lastKnownFileType = folder.assetcatalog; path = Assets.xcassets; sourceTree = "<group>"; };
		03A009C51E576E9200CB7F01 /* Base */ = {isa = PBXFileReference; lastKnownFileType = file.storyboard; name = Base; path = Base.lproj/LaunchScreen.storyboard; sourceTree = "<group>"; };
		03A009C71E576E9200CB7F01 /* Info.plist */ = {isa = PBXFileReference; lastKnownFileType = text.plist.xml; path = Info.plist; sourceTree = "<group>"; };
		03B426C71E58392400A70CB4 /* UIView+extension.swift */ = {isa = PBXFileReference; fileEncoding = 4; lastKnownFileType = sourcecode.swift; path = "UIView+extension.swift"; sourceTree = "<group>"; };
		03B426C91E583D7C00A70CB4 /* PageCell.swift */ = {isa = PBXFileReference; fileEncoding = 4; lastKnownFileType = sourcecode.swift; path = PageCell.swift; sourceTree = "<group>"; };
		03B426CB1E58CE4800A70CB4 /* Model.swift */ = {isa = PBXFileReference; fileEncoding = 4; lastKnownFileType = sourcecode.swift; path = Model.swift; sourceTree = "<group>"; };
/* End PBXFileReference section */

/* Begin PBXFrameworksBuildPhase section */
		03A009B51E576E9200CB7F01 /* Frameworks */ = {
			isa = PBXFrameworksBuildPhase;
			buildActionMask = 2147483647;
			files = (
			);
			runOnlyForDeploymentPostprocessing = 0;
		};
/* End PBXFrameworksBuildPhase section */

/* Begin PBXGroup section */
		03A009AF1E576E9200CB7F01 = {
			isa = PBXGroup;
			children = (
				03B426C71E58392400A70CB4 /* UIView+extension.swift */,
				03A009BA1E576E9200CB7F01 /* AudibleLogin */,
				03A009B91E576E9200CB7F01 /* Products */,
			);
			sourceTree = "<group>";
		};
		03A009B91E576E9200CB7F01 /* Products */ = {
			isa = PBXGroup;
			children = (
				03A009B81E576E9200CB7F01 /* AudibleLogin.app */,
			);
			name = Products;
			sourceTree = "<group>";
		};
		03A009BA1E576E9200CB7F01 /* AudibleLogin */ = {
			isa = PBXGroup;
			children = (
				03B426CD1E58CE5D00A70CB4 /* Supporting Files */,
				03A009BD1E576E9200CB7F01 /* LoginViewController.swift */,
				03B426C91E583D7C00A70CB4 /* PageCell.swift */,
				03B426CB1E58CE4800A70CB4 /* Model.swift */,
				03A009C21E576E9200CB7F01 /* Assets.xcassets */,
			);
			path = AudibleLogin;
			sourceTree = "<group>";
		};
		03B426CD1E58CE5D00A70CB4 /* Supporting Files */ = {
			isa = PBXGroup;
			children = (
				03A009BB1E576E9200CB7F01 /* AppDelegate.swift */,
				03A009BF1E576E9200CB7F01 /* Main.storyboard */,
				03A009C41E576E9200CB7F01 /* LaunchScreen.storyboard */,
				03A009C71E576E9200CB7F01 /* Info.plist */,
			);
			name = "Supporting Files";
			sourceTree = "<group>";
		};
/* End PBXGroup section */

/* Begin PBXNativeTarget section */
		03A009B71E576E9200CB7F01 /* AudibleLogin */ = {
			isa = PBXNativeTarget;
			buildConfigurationList = 03A009CA1E576E9200CB7F01 /* Build configuration list for PBXNativeTarget "AudibleLogin" */;
			buildPhases = (
				03A009B41E576E9200CB7F01 /* Sources */,
				03A009B51E576E9200CB7F01 /* Frameworks */,
				03A009B61E576E9200CB7F01 /* Resources */,
			);
			buildRules = (
			);
			dependencies = (
			);
			name = AudibleLogin;
			productName = AudibleLogin;
			productReference = 03A009B81E576E9200CB7F01 /* AudibleLogin.app */;
			productType = "com.apple.product-type.application";
		};
/* End PBXNativeTarget section */

/* Begin PBXProject section */
		03A009B01E576E9200CB7F01 /* Project object */ = {
			isa = PBXProject;
			attributes = {
				LastSwiftUpdateCheck = 0820;
				LastUpgradeCheck = 0820;
				ORGANIZATIONNAME = "Emmanuoel Haroutunian";
				TargetAttributes = {
					03A009B71E576E9200CB7F01 = {
						CreatedOnToolsVersion = 8.2.1;
						DevelopmentTeam = R7LULH4QGM;
						ProvisioningStyle = Automatic;
					};
				};
			};
			buildConfigurationList = 03A009B31E576E9200CB7F01 /* Build configuration list for PBXProject "AudibleLogin" */;
			compatibilityVersion = "Xcode 3.2";
			developmentRegion = English;
			hasScannedForEncodings = 0;
			knownRegions = (
				en,
				Base,
			);
			mainGroup = 03A009AF1E576E9200CB7F01;
			productRefGroup = 03A009B91E576E9200CB7F01 /* Products */;
			projectDirPath = "";
			projectRoot = "";
			targets = (
				03A009B71E576E9200CB7F01 /* AudibleLogin */,
			);
		};
/* End PBXProject section */

/* Begin PBXResourcesBuildPhase section */
		03A009B61E576E9200CB7F01 /* Resources */ = {
			isa = PBXResourcesBuildPhase;
			buildActionMask = 2147483647;
			files = (
				03A009C61E576E9200CB7F01 /* LaunchScreen.storyboard in Resources */,
				03A009C31E576E9200CB7F01 /* Assets.xcassets in Resources */,
				03A009C11E576E9200CB7F01 /* Main.storyboard in Resources */,
			);
			runOnlyForDeploymentPostprocessing = 0;
		};
/* End PBXResourcesBuildPhase section */

/* Begin PBXSourcesBuildPhase section */
		03A009B41E576E9200CB7F01 /* Sources */ = {
			isa = PBXSourcesBuildPhase;
			buildActionMask = 2147483647;
			files = (
				03B426CC1E58CE4800A70CB4 /* Model.swift in Sources */,
				03B426C81E58392400A70CB4 /* UIView+extension.swift in Sources */,
				03A009BE1E576E9200CB7F01 /* LoginViewController.swift in Sources */,
				03B426CA1E583D7C00A70CB4 /* PageCell.swift in Sources */,
				03A009BC1E576E9200CB7F01 /* AppDelegate.swift in Sources */,
			);
			runOnlyForDeploymentPostprocessing = 0;
		};
/* End PBXSourcesBuildPhase section */

/* Begin PBXVariantGroup section */
		03A009BF1E576E9200CB7F01 /* Main.storyboard */ = {
			isa = PBXVariantGroup;
			children = (
				03A009C01E576E9200CB7F01 /* Base */,
			);
			name = Main.storyboard;
			sourceTree = "<group>";
		};
		03A009C41E576E9200CB7F01 /* LaunchScreen.storyboard */ = {
			isa = PBXVariantGroup;
			children = (
				03A009C51E576E9200CB7F01 /* Base */,
			);
			name = LaunchScreen.storyboard;
			sourceTree = "<group>";
		};
/* End PBXVariantGroup section */

/* Begin XCBuildConfiguration section */
		03A009C81E576E9200CB7F01 /* Debug */ = {
			isa = XCBuildConfiguration;
			buildSettings = {
				ALWAYS_SEARCH_USER_PATHS = NO;
				CLANG_ANALYZER_NONNULL = YES;
				CLANG_CXX_LANGUAGE_STANDARD = "gnu++0x";
				CLANG_CXX_LIBRARY = "libc++";
				CLANG_ENABLE_MODULES = YES;
				CLANG_ENABLE_OBJC_ARC = YES;
				CLANG_WARN_BOOL_CONVERSION = YES;
				CLANG_WARN_CONSTANT_CONVERSION = YES;
				CLANG_WARN_DIRECT_OBJC_ISA_USAGE = YES_ERROR;
				CLANG_WARN_DOCUMENTATION_COMMENTS = YES;
				CLANG_WARN_EMPTY_BODY = YES;
				CLANG_WARN_ENUM_CONVERSION = YES;
				CLANG_WARN_INFINITE_RECURSION = YES;
				CLANG_WARN_INT_CONVERSION = YES;
				CLANG_WARN_OBJC_ROOT_CLASS = YES_ERROR;
				CLANG_WARN_SUSPICIOUS_MOVE = YES;
				CLANG_WARN_UNREACHABLE_CODE = YES;
				CLANG_WARN__DUPLICATE_METHOD_MATCH = YES;
				"CODE_SIGN_IDENTITY[sdk=iphoneos*]" = "iPhone Developer";
				COPY_PHASE_STRIP = NO;
				DEBUG_INFORMATION_FORMAT = dwarf;
				ENABLE_STRICT_OBJC_MSGSEND = YES;
				ENABLE_TESTABILITY = YES;
				GCC_C_LANGUAGE_STANDARD = gnu99;
				GCC_DYNAMIC_NO_PIC = NO;
				GCC_NO_COMMON_BLOCKS = YES;
				GCC_OPTIMIZATION_LEVEL = 0;
				GCC_PREPROCESSOR_DEFINITIONS = (
					"DEBUG=1",
					"$(inherited)",
				);
				GCC_WARN_64_TO_32_BIT_CONVERSION = YES;
				GCC_WARN_ABOUT_RETURN_TYPE = YES_ERROR;
				GCC_WARN_UNDECLARED_SELECTOR = YES;
				GCC_WARN_UNINITIALIZED_AUTOS = YES_AGGRESSIVE;
				GCC_WARN_UNUSED_FUNCTION = YES;
				GCC_WARN_UNUSED_VARIABLE = YES;
				IPHONEOS_DEPLOYMENT_TARGET = 10.2;
				MTL_ENABLE_DEBUG_INFO = YES;
				ONLY_ACTIVE_ARCH = YES;
				SDKROOT = iphoneos;
				SWIFT_ACTIVE_COMPILATION_CONDITIONS = DEBUG;
				SWIFT_OPTIMIZATION_LEVEL = "-Onone";
				TARGETED_DEVICE_FAMILY = "1,2";
			};
			name = Debug;
		};
		03A009C91E576E9200CB7F01 /* Release */ = {
			isa = XCBuildConfiguration;
			buildSettings = {
				ALWAYS_SEARCH_USER_PATHS = NO;
				CLANG_ANALYZER_NONNULL = YES;
				CLANG_CXX_LANGUAGE_STANDARD = "gnu++0x";
				CLANG_CXX_LIBRARY = "libc++";
				CLANG_ENABLE_MODULES = YES;
				CLANG_ENABLE_OBJC_ARC = YES;
				CLANG_WARN_BOOL_CONVERSION = YES;
				CLANG_WARN_CONSTANT_CONVERSION = YES;
				CLANG_WARN_DIRECT_OBJC_ISA_USAGE = YES_ERROR;
				CLANG_WARN_DOCUMENTATION_COMMENTS = YES;
				CLANG_WARN_EMPTY_BODY = YES;
				CLANG_WARN_ENUM_CONVERSION = YES;
				CLANG_WARN_INFINITE_RECURSION = YES;
				CLANG_WARN_INT_CONVERSION = YES;
				CLANG_WARN_OBJC_ROOT_CLASS = YES_ERROR;
				CLANG_WARN_SUSPICIOUS_MOVE = YES;
				CLANG_WARN_UNREACHABLE_CODE = YES;
				CLANG_WARN__DUPLICATE_METHOD_MATCH = YES;
				"CODE_SIGN_IDENTITY[sdk=iphoneos*]" = "iPhone Developer";
				COPY_PHASE_STRIP = NO;
				DEBUG_INFORMATION_FORMAT = "dwarf-with-dsym";
				ENABLE_NS_ASSERTIONS = NO;
				ENABLE_STRICT_OBJC_MSGSEND = YES;
				GCC_C_LANGUAGE_STANDARD = gnu99;
				GCC_NO_COMMON_BLOCKS = YES;
				GCC_WARN_64_TO_32_BIT_CONVERSION = YES;
				GCC_WARN_ABOUT_RETURN_TYPE = YES_ERROR;
				GCC_WARN_UNDECLARED_SELECTOR = YES;
				GCC_WARN_UNINITIALIZED_AUTOS = YES_AGGRESSIVE;
				GCC_WARN_UNUSED_FUNCTION = YES;
				GCC_WARN_UNUSED_VARIABLE = YES;
				IPHONEOS_DEPLOYMENT_TARGET = 10.2;
				MTL_ENABLE_DEBUG_INFO = NO;
				SDKROOT = iphoneos;
				SWIFT_OPTIMIZATION_LEVEL = "-Owholemodule";
				TARGETED_DEVICE_FAMILY = "1,2";
				VALIDATE_PRODUCT = YES;
			};
			name = Release;
		};
		03A009CB1E576E9200CB7F01 /* Debug */ = {
			isa = XCBuildConfiguration;
			buildSettings = {
				ASSETCATALOG_COMPILER_APPICON_NAME = AppIcon;
				DEVELOPMENT_TEAM = R7LULH4QGM;
				INFOPLIST_FILE = AudibleLogin/Info.plist;
				LD_RUNPATH_SEARCH_PATHS = "$(inherited) @executable_path/Frameworks";
				PRODUCT_BUNDLE_IDENTIFIER = SwiftCraft.AudibleLogin;
				PRODUCT_NAME = "$(TARGET_NAME)";
				SWIFT_VERSION = 3.0;
			};
			name = Debug;
		};
		03A009CC1E576E9200CB7F01 /* Release */ = {
			isa = XCBuildConfiguration;
			buildSettings = {
				ASSETCATALOG_COMPILER_APPICON_NAME = AppIcon;
				DEVELOPMENT_TEAM = R7LULH4QGM;
				INFOPLIST_FILE = AudibleLogin/Info.plist;
				LD_RUNPATH_SEARCH_PATHS = "$(inherited) @executable_path/Frameworks";
				PRODUCT_BUNDLE_IDENTIFIER = SwiftCraft.AudibleLogin;
				PRODUCT_NAME = "$(TARGET_NAME)";
				SWIFT_VERSION = 3.0;
			};
			name = Release;
		};
/* End XCBuildConfiguration section */

/* Begin XCConfigurationList section */
		03A009B31E576E9200CB7F01 /* Build configuration list for PBXProject "AudibleLogin" */ = {
			isa = XCConfigurationList;
			buildConfigurations = (
				03A009C81E576E9200CB7F01 /* Debug */,
				03A009C91E576E9200CB7F01 /* Release */,
			);
			defaultConfigurationIsVisible = 0;
			defaultConfigurationName = Release;
		};
		03A009CA1E576E9200CB7F01 /* Build configuration list for PBXNativeTarget "AudibleLogin" */ = {
			isa = XCConfigurationList;
			buildConfigurations = (
				03A009CB1E576E9200CB7F01 /* Debug */,
				03A009CC1E576E9200CB7F01 /* Release */,
			);
			defaultConfigurationIsVisible = 0;
			defaultConfigurationName = Release;
		};
/* End XCConfigurationList section */
	};
	rootObject = 03A009B01E576E9200CB7F01 /* Project object */;
}
